
Microsoft Visual Studio Solution File, Format Version 12.00
# Visual Studio Version 16
VisualStudioVersion = 16.0.30907.101
MinimumVisualStudioVersion = 10.0.40219.1
Project("{FAE04EC0-301F-11D3-BF4B-00C04F79EFBC}") = "X_O", "X_O\X_O.csproj", "{A1048FCB-610A-4650-82F9-8D60DED9B2F9}"
EndProject
Global
	GlobalSection(SolutionConfigurationPlatforms) = preSolution
		Debug|Any CPU = Debug|Any CPU
		Release|Any CPU = Release|Any CPU
	EndGlobalSection
	GlobalSection(ProjectConfigurationPlatforms) = postSolution
		{A1048FCB-610A-4650-82F9-8D60DED9B2F9}.Debug|Any CPU.ActiveCfg = Debug|Any CPU
		{A1048FCB-610A-4650-82F9-8D60DED9B2F9}.Debug|Any CPU.Build.0 = Debug|Any CPU
		{A1048FCB-610A-4650-82F9-8D60DED9B2F9}.Release|Any CPU.ActiveCfg = Release|Any CPU
		{A1048FCB-610A-4650-82F9-8D60DED9B2F9}.Release|Any CPU.Build.0 = Release|Any CPU
	EndGlobalSection
	GlobalSection(SolutionProperties) = preSolution
		HideSolutionNode = FALSE
	EndGlobalSection
	GlobalSection(ExtensibilityGlobals) = postSolution
		SolutionGuid = {A9D0FB50-50DD-4BA3-9B49-359575F7DA93}
	EndGlobalSection
EndGlobal
